
Microsoft Visual Studio Solution File, Format Version 12.00
# Visual Studio 15
VisualStudioVersion = 15.0.27004.2010
MinimumVisualStudioVersion = 10.0.40219.1
Project("{8BC9CEB8-8B4A-11D0-8D11-00A0C91BC942}") = "Through Hell", "Through Hell\Through Hell.vcxproj", "{54F52FE2-A13C-4670-8F70-97030D3B0767}"
EndProject
Global
	GlobalSection(SolutionConfigurationPlatforms) = preSolution
		Debug|x64 = Debug|x64
		Debug|x86 = Debug|x86
		Release|x64 = Release|x64
		Release|x86 = Release|x86
	EndGlobalSection
	GlobalSection(ProjectConfigurationPlatforms) = postSolution
		{54F52FE2-A13C-4670-8F70-97030D3B0767}.Debug|x64.ActiveCfg = Debug|x64
		{54F52FE2-A13C-4670-8F70-97030D3B0767}.Debug|x64.Build.0 = Debug|x64
		{54F52FE2-A13C-4670-8F70-97030D3B0767}.Debug|x86.ActiveCfg = Debug|Win32
		{54F52FE2-A13C-4670-8F70-97030D3B0767}.Debug|x86.Build.0 = Debug|Win32
		{54F52FE2-A13C-4670-8F70-97030D3B0767}.Release|x64.ActiveCfg = Release|x64
		{54F52FE2-A13C-4670-8F70-97030D3B0767}.Release|x64.Build.0 = Release|x64
		{54F52FE2-A13C-4670-8F70-97030D3B0767}.Release|x86.ActiveCfg = Release|Win32
		{54F52FE2-A13C-4670-8F70-97030D3B0767}.Release|x86.Build.0 = Release|Win32
	EndGlobalSection
	GlobalSection(SolutionProperties) = preSolution
		HideSolutionNode = FALSE
	EndGlobalSection
	GlobalSection(ExtensibilityGlobals) = postSolution
		SolutionGuid = {B7C80802-8087-4F7D-A0BA-D02C6BE98485}
	EndGlobalSection
EndGlobal
